
Microsoft Visual Studio Solution File, Format Version 12.00
# Visual Studio Version 17
VisualStudioVersion = 17.9.34728.123
MinimumVisualStudioVersion = 10.0.40219.1
Project("{FAE04EC0-301F-11D3-BF4B-00C04F79EFBC}") = "Tabuada", "Tabuada\Tabuada.csproj", "{CF912F2F-D462-4DCB-80A0-9C14FD6784EB}"
EndProject
Project("{9A19103F-16F7-4668-BE54-9A1E7A4F7556}") = "exercício 1 - lacos de repeticao", "..\exercício 1 - lacos de repeticao\exercício 1 - lacos de repeticao\exercício 1 - lacos de repeticao.csproj", "{12AF13DE-BF9E-4AC6-9EC9-EC0FE19FD792}"
EndProject
Global
	GlobalSection(SolutionConfigurationPlatforms) = preSolution
		Debug|Any CPU = Debug|Any CPU
		Release|Any CPU = Release|Any CPU
	EndGlobalSection
	GlobalSection(ProjectConfigurationPlatforms) = postSolution
		{CF912F2F-D462-4DCB-80A0-9C14FD6784EB}.Debug|Any CPU.ActiveCfg = Debug|Any CPU
		{CF912F2F-D462-4DCB-80A0-9C14FD6784EB}.Debug|Any CPU.Build.0 = Debug|Any CPU
		{CF912F2F-D462-4DCB-80A0-9C14FD6784EB}.Release|Any CPU.ActiveCfg = Release|Any CPU
		{CF912F2F-D462-4DCB-80A0-9C14FD6784EB}.Release|Any CPU.Build.0 = Release|Any CPU
		{12AF13DE-BF9E-4AC6-9EC9-EC0FE19FD792}.Debug|Any CPU.ActiveCfg = Debug|Any CPU
		{12AF13DE-BF9E-4AC6-9EC9-EC0FE19FD792}.Debug|Any CPU.Build.0 = Debug|Any CPU
		{12AF13DE-BF9E-4AC6-9EC9-EC0FE19FD792}.Release|Any CPU.ActiveCfg = Release|Any CPU
		{12AF13DE-BF9E-4AC6-9EC9-EC0FE19FD792}.Release|Any CPU.Build.0 = Release|Any CPU
	EndGlobalSection
	GlobalSection(SolutionProperties) = preSolution
		HideSolutionNode = FALSE
	EndGlobalSection
	GlobalSection(ExtensibilityGlobals) = postSolution
		SolutionGuid = {048DF5E7-E01F-4D80-B808-76C23D0C052A}
	EndGlobalSection
EndGlobal
